PODS:
  - DZNEmptyDataSet (1.8.1)
  - Eureka (3.1.0)
  - Onboard (2.3.1)
  - SCLAlertView (0.7.0)

DEPENDENCIES:
  - DZNEmptyDataSet
  - Eureka
  - Onboard
  - SCLAlertView

SPEC CHECKSUMS:
  DZNEmptyDataSet: 9525833b9e68ac21c30253e1d3d7076cc828eaa7
  Eureka: d6725c38d0dcdceaa331d1468f75e76315715ae0
  Onboard: b6871f25ac753175b2ab9a362fb2feb26a81a311
  SCLAlertView: 8a14ffc40590c619e183eed2298b854385f30be1

PODFILE CHECKSUM: bd92302e05446e3209add6f4e9d8fb6769af6dd8

COCOAPODS: 1.2.1
