PODS:
  - DZNEmptyDataSet (1.8.1)
  - Eureka (5.2.0)
  - SCLAlertView (0.8)

DEPENDENCIES:
  - DZNEmptyDataSet
  - Eureka
  - SCLAlertView

SPEC REPOS:
  trunk:
    - DZNEmptyDataSet
    - Eureka
    - SCLAlertView

SPEC CHECKSUMS:
  DZNEmptyDataSet: 9525833b9e68ac21c30253e1d3d7076cc828eaa7
  Eureka: 820a761c700f6eaab3b60758f138e0d9b99072b3
  SCLAlertView: 6a77bb2edfc65e04dbe57725546cb4107a506b85

PODFILE CHECKSUM: e4d84d925f348bbd156505badc951ed208f27e2f

COCOAPODS: 1.8.4
