PODS:
  - DZNEmptyDataSet (1.8.1)
  - Eureka (5.2.0)
  - SCLAlertView (0.8)

DEPENDENCIES:
  - DZNEmptyDataSet
  - Eureka
  - SCLAlertView

SPEC REPOS:
  trunk:
    - DZNEmptyDataSet
    - Eureka
    - SCLAlertView

SPEC CHECKSUMS:
  DZNEmptyDataSet: 9525833b9e68ac21c30253e1d3d7076cc828eaa7
  Eureka: 820a761c700f6eaab3b60758f138e0d9b99072b3
  SCLAlertView: 6a77bb2edfc65e04dbe57725546cb4107a506b85

PODFILE CHECKSUM: d79e632b4cfb9a928b1fffc3aa278c70f41a249a

COCOAPODS: 1.8.4
