// !$*UTF8*$!
{
	archiveVersion = 1;
	classes = {
	};
	objectVersion = 46;
	objects = {

/* Begin PBXBuildFile section */
		84087E3C1FBE835B001442A1 /* PDFComposer.swift in Sources */ = {isa = PBXBuildFile; fileRef = 84087E3B1FBE835B001442A1 /* PDFComposer.swift */; };
		84087E441FBECA63001442A1 /* CustomPrintPageRenderer.swift in Sources */ = {isa = PBXBuildFile; fileRef = 84087E431FBECA63001442A1 /* CustomPrintPageRenderer.swift */; };
		84087E461FC10C1A001442A1 /* ExportViewController.swift in Sources */ = {isa = PBXBuildFile; fileRef = 84087E451FC10C1A001442A1 /* ExportViewController.swift */; };
		84087E4D1FC1513E001442A1 /* icon2.png in Resources */ = {isa = PBXBuildFile; fileRef = 84087E471FC1513D001442A1 /* icon2.png */; };
		84087E4E1FC1513E001442A1 /* last_item.html in Resources */ = {isa = PBXBuildFile; fileRef = 84087E481FC1513D001442A1 /* last_item.html */; };
		84087E4F1FC1513E001442A1 /* icon.png in Resources */ = {isa = PBXBuildFile; fileRef = 84087E491FC1513E001442A1 /* icon.png */; };
		84087E501FC1513E001442A1 /* fields.txt in Resources */ = {isa = PBXBuildFile; fileRef = 84087E4A1FC1513E001442A1 /* fields.txt */; };
		84087E511FC1513E001442A1 /* single_item.html in Resources */ = {isa = PBXBuildFile; fileRef = 84087E4B1FC1513E001442A1 /* single_item.html */; };
		84087E521FC1513E001442A1 /* eventList.html in Resources */ = {isa = PBXBuildFile; fileRef = 84087E4C1FC1513E001442A1 /* eventList.html */; };
		8442F3FA1ECF376800A36492 /* CategoryTableViewController.swift in Sources */ = {isa = PBXBuildFile; fileRef = 8442F3F91ECF376800A36492 /* CategoryTableViewController.swift */; };
		847C23851F21D700003F0E69 /* SCLAlertView.swift in Sources */ = {isa = PBXBuildFile; fileRef = 847C23831F21D700003F0E69 /* SCLAlertView.swift */; };
		847C23861F21D700003F0E69 /* SCLExtensions.swift in Sources */ = {isa = PBXBuildFile; fileRef = 847C23841F21D700003F0E69 /* SCLExtensions.swift */; };
		847C23881F21DC8B003F0E69 /* Images.xcassets in Resources */ = {isa = PBXBuildFile; fileRef = 847C23871F21DC8B003F0E69 /* Images.xcassets */; };
		8488A7891F2D592B007B9CCB /* UIScrollView+EmptyDataSet.m in Sources */ = {isa = PBXBuildFile; fileRef = 8488A7881F2D592B007B9CCB /* UIScrollView+EmptyDataSet.m */; };
		848F77111F2AD67600C910A7 /* terms.html in Resources */ = {isa = PBXBuildFile; fileRef = 848F770F1F2AD67600C910A7 /* terms.html */; };
		848F77121F2AD67600C910A7 /* styles.css in Resources */ = {isa = PBXBuildFile; fileRef = 848F77101F2AD67600C910A7 /* styles.css */; };
		848F77161F2B005400C910A7 /* privacy.html in Resources */ = {isa = PBXBuildFile; fileRef = 848F77151F2B005400C910A7 /* privacy.html */; };
		848F77181F2B076C00C910A7 /* disclaimer.html in Resources */ = {isa = PBXBuildFile; fileRef = 848F77171F2B076C00C910A7 /* disclaimer.html */; };
		8493A3052090069F00D58971 /* bootstrap.min.css in Resources */ = {isa = PBXBuildFile; fileRef = 8493A3042090069F00D58971 /* bootstrap.min.css */; };
		8493A307209007AE00D58971 /* libraries.html in Resources */ = {isa = PBXBuildFile; fileRef = 8493A306209007AE00D58971 /* libraries.html */; };
		849A2A7B2055F4EA005B8DEF /* StatsFormViewController.swift in Sources */ = {isa = PBXBuildFile; fileRef = 849A2A7A2055F4EA005B8DEF /* StatsFormViewController.swift */; };
		84B736881EB5647E00FF10E4 /* AppDelegate.swift in Sources */ = {isa = PBXBuildFile; fileRef = 84B736871EB5647E00FF10E4 /* AppDelegate.swift */; };
		84B7368B1EB5647E00FF10E4 /* Volunteer_Hour_Tracker.xcdatamodeld in Sources */ = {isa = PBXBuildFile; fileRef = 84B736891EB5647E00FF10E4 /* Volunteer_Hour_Tracker.xcdatamodeld */; };
		84B736921EB5647E00FF10E4 /* Main.storyboard in Resources */ = {isa = PBXBuildFile; fileRef = 84B736901EB5647E00FF10E4 /* Main.storyboard */; };
		84B736941EB5647E00FF10E4 /* Assets.xcassets in Resources */ = {isa = PBXBuildFile; fileRef = 84B736931EB5647E00FF10E4 /* Assets.xcassets */; };
		84B736971EB5647E00FF10E4 /* LaunchScreen.storyboard in Resources */ = {isa = PBXBuildFile; fileRef = 84B736951EB5647E00FF10E4 /* LaunchScreen.storyboard */; };
		84B7369F1EB56CAC00FF10E4 /* AddTaskViewController.swift in Sources */ = {isa = PBXBuildFile; fileRef = 84B7369E1EB56CAC00FF10E4 /* AddTaskViewController.swift */; };
		84B736A11EB5710900FF10E4 /* EventViewController.swift in Sources */ = {isa = PBXBuildFile; fileRef = 84B736A01EB5710900FF10E4 /* EventViewController.swift */; };
		84CD96401F14AB93007793CE /* Sources in Resources */ = {isa = PBXBuildFile; fileRef = 84CD963F1F14AB93007793CE /* Sources */; };
		84CD96421F14ABA0007793CE /* Icons.xcassets in Resources */ = {isa = PBXBuildFile; fileRef = 84CD96411F14ABA0007793CE /* Icons.xcassets */; };
		84CD964A1F14AC76007793CE /* Floaty.swift in Sources */ = {isa = PBXBuildFile; fileRef = 84CD96441F14AC76007793CE /* Floaty.swift */; };
		84CD964B1F14AC76007793CE /* FloatyDelegate.swift in Sources */ = {isa = PBXBuildFile; fileRef = 84CD96451F14AC76007793CE /* FloatyDelegate.swift */; };
		84CD964C1F14AC76007793CE /* FloatyItem.swift in Sources */ = {isa = PBXBuildFile; fileRef = 84CD96461F14AC76007793CE /* FloatyItem.swift */; };
		84CD964D1F14AC76007793CE /* FloatyManager.swift in Sources */ = {isa = PBXBuildFile; fileRef = 84CD96471F14AC76007793CE /* FloatyManager.swift */; };
		84CD964E1F14AC76007793CE /* FloatyViewController.swift in Sources */ = {isa = PBXBuildFile; fileRef = 84CD96481F14AC76007793CE /* FloatyViewController.swift */; };
		84CD964F1F14AC76007793CE /* FloatyWindow.swift in Sources */ = {isa = PBXBuildFile; fileRef = 84CD96491F14AC76007793CE /* FloatyWindow.swift */; };
		84D92E781F254D7F00D5800D /* TabBarController.swift in Sources */ = {isa = PBXBuildFile; fileRef = 84D92E771F254D7F00D5800D /* TabBarController.swift */; };
		84F2F9E71F2689AD007EDD19 /* AddEventTableViewController.swift in Sources */ = {isa = PBXBuildFile; fileRef = 84F2F9E61F2689AD007EDD19 /* AddEventTableViewController.swift */; };
		84F2F9EA1F272CD4007EDD19 /* InformationViewController.swift in Sources */ = {isa = PBXBuildFile; fileRef = 84F2F9E91F272CD4007EDD19 /* InformationViewController.swift */; };
		84F2F9EC1F274ABB007EDD19 /* DeviceExtension.swift in Sources */ = {isa = PBXBuildFile; fileRef = 84F2F9EB1F274ABB007EDD19 /* DeviceExtension.swift */; };
		C98D728991232E74A5CFE24A /* Pods_Volunteer_Hour_Tracker.framework in Frameworks */ = {isa = PBXBuildFile; fileRef = 317C7ED02A87DA9872F27481 /* Pods_Volunteer_Hour_Tracker.framework */; };
/* End PBXBuildFile section */

/* Begin PBXFileReference section */
		317C7ED02A87DA9872F27481 /* Pods_Volunteer_Hour_Tracker.framework */ = {isa = PBXFileReference; explicitFileType = wrapper.framework; includeInIndex = 0; path = Pods_Volunteer_Hour_Tracker.framework; sourceTree = BUILT_PRODUCTS_DIR; };
		5ECA5D0DCC0855EF564BDD17 /* Pods-Volunteer Hour Tracker.release.xcconfig */ = {isa = PBXFileReference; includeInIndex = 1; lastKnownFileType = text.xcconfig; name = "Pods-Volunteer Hour Tracker.release.xcconfig"; path = "Pods/Target Support Files/Pods-Volunteer Hour Tracker/Pods-Volunteer Hour Tracker.release.xcconfig"; sourceTree = "<group>"; };
		84087E3B1FBE835B001442A1 /* PDFComposer.swift */ = {isa = PBXFileReference; lastKnownFileType = sourcecode.swift; path = PDFComposer.swift; sourceTree = "<group>"; };
		84087E431FBECA63001442A1 /* CustomPrintPageRenderer.swift */ = {isa = PBXFileReference; lastKnownFileType = sourcecode.swift; path = CustomPrintPageRenderer.swift; sourceTree = "<group>"; };
		84087E451FC10C1A001442A1 /* ExportViewController.swift */ = {isa = PBXFileReference; lastKnownFileType = sourcecode.swift; path = ExportViewController.swift; sourceTree = "<group>"; };
		84087E471FC1513D001442A1 /* icon2.png */ = {isa = PBXFileReference; lastKnownFileType = image.png; path = icon2.png; sourceTree = "<group>"; };
		84087E481FC1513D001442A1 /* last_item.html */ = {isa = PBXFileReference; fileEncoding = 4; lastKnownFileType = text.html; path = last_item.html; sourceTree = "<group>"; };
		84087E491FC1513E001442A1 /* icon.png */ = {isa = PBXFileReference; lastKnownFileType = image.png; path = icon.png; sourceTree = "<group>"; };
		84087E4A1FC1513E001442A1 /* fields.txt */ = {isa = PBXFileReference; fileEncoding = 4; lastKnownFileType = text; path = fields.txt; sourceTree = "<group>"; };
		84087E4B1FC1513E001442A1 /* single_item.html */ = {isa = PBXFileReference; fileEncoding = 4; lastKnownFileType = text.html; path = single_item.html; sourceTree = "<group>"; };
		84087E4C1FC1513E001442A1 /* eventList.html */ = {isa = PBXFileReference; fileEncoding = 4; lastKnownFileType = text.html; path = eventList.html; sourceTree = "<group>"; };
		8432827D1ECA7B320090F662 /* Volunteer Hour Tracker.entitlements */ = {isa = PBXFileReference; lastKnownFileType = text.plist.entitlements; path = "Volunteer Hour Tracker.entitlements"; sourceTree = "<group>"; };
		8442F3F91ECF376800A36492 /* CategoryTableViewController.swift */ = {isa = PBXFileReference; fileEncoding = 4; lastKnownFileType = sourcecode.swift; path = CategoryTableViewController.swift; sourceTree = "<group>"; };
		847C23831F21D700003F0E69 /* SCLAlertView.swift */ = {isa = PBXFileReference; fileEncoding = 4; lastKnownFileType = sourcecode.swift; path = SCLAlertView.swift; sourceTree = "<group>"; };
		847C23841F21D700003F0E69 /* SCLExtensions.swift */ = {isa = PBXFileReference; fileEncoding = 4; lastKnownFileType = sourcecode.swift; path = SCLExtensions.swift; sourceTree = "<group>"; };
		847C23871F21DC8B003F0E69 /* Images.xcassets */ = {isa = PBXFileReference; lastKnownFileType = folder.assetcatalog; path = Images.xcassets; sourceTree = "<group>"; };
		8488A7861F2D592A007B9CCB /* Volunteer Hour Tracker-Bridging-Header.h */ = {isa = PBXFileReference; lastKnownFileType = sourcecode.c.h; path = "Volunteer Hour Tracker-Bridging-Header.h"; sourceTree = "<group>"; };
		8488A7871F2D592B007B9CCB /* UIScrollView+EmptyDataSet.h */ = {isa = PBXFileReference; fileEncoding = 4; lastKnownFileType = sourcecode.c.h; path = "UIScrollView+EmptyDataSet.h"; sourceTree = "<group>"; };
		8488A7881F2D592B007B9CCB /* UIScrollView+EmptyDataSet.m */ = {isa = PBXFileReference; fileEncoding = 4; lastKnownFileType = sourcecode.c.objc; path = "UIScrollView+EmptyDataSet.m"; sourceTree = "<group>"; };
		848F770F1F2AD67600C910A7 /* terms.html */ = {isa = PBXFileReference; fileEncoding = 4; lastKnownFileType = text.html; path = terms.html; sourceTree = "<group>"; };
		848F77101F2AD67600C910A7 /* styles.css */ = {isa = PBXFileReference; fileEncoding = 4; lastKnownFileType = text.css; path = styles.css; sourceTree = "<group>"; };
		848F77151F2B005400C910A7 /* privacy.html */ = {isa = PBXFileReference; fileEncoding = 4; lastKnownFileType = text.html; path = privacy.html; sourceTree = "<group>"; };
		848F77171F2B076C00C910A7 /* disclaimer.html */ = {isa = PBXFileReference; fileEncoding = 4; lastKnownFileType = text.html; path = disclaimer.html; sourceTree = "<group>"; };
		8493A3042090069F00D58971 /* bootstrap.min.css */ = {isa = PBXFileReference; fileEncoding = 4; lastKnownFileType = text.css; path = bootstrap.min.css; sourceTree = "<group>"; };
		8493A306209007AE00D58971 /* libraries.html */ = {isa = PBXFileReference; fileEncoding = 4; lastKnownFileType = text.html; path = libraries.html; sourceTree = "<group>"; };
		849A2A7A2055F4EA005B8DEF /* StatsFormViewController.swift */ = {isa = PBXFileReference; lastKnownFileType = sourcecode.swift; path = StatsFormViewController.swift; sourceTree = "<group>"; };
		84AC2D421F4F664A00BF9922 /* Volunteer_Hour_Tracker v2.xcdatamodel */ = {isa = PBXFileReference; lastKnownFileType = wrapper.xcdatamodel; path = "Volunteer_Hour_Tracker v2.xcdatamodel"; sourceTree = "<group>"; };
		84B736841EB5647E00FF10E4 /* Volunteer Hour Tracker.app */ = {isa = PBXFileReference; explicitFileType = wrapper.application; includeInIndex = 0; path = "Volunteer Hour Tracker.app"; sourceTree = BUILT_PRODUCTS_DIR; };
		84B736871EB5647E00FF10E4 /* AppDelegate.swift */ = {isa = PBXFileReference; lastKnownFileType = sourcecode.swift; path = AppDelegate.swift; sourceTree = "<group>"; };
		84B7368A1EB5647E00FF10E4 /* Volunteer_Hour_Tracker.xcdatamodel */ = {isa = PBXFileReference; lastKnownFileType = wrapper.xcdatamodel; path = Volunteer_Hour_Tracker.xcdatamodel; sourceTree = "<group>"; };
		84B736911EB5647E00FF10E4 /* Base */ = {isa = PBXFileReference; lastKnownFileType = file.storyboard; name = Base; path = Base.lproj/Main.storyboard; sourceTree = "<group>"; };
		84B736931EB5647E00FF10E4 /* Assets.xcassets */ = {isa = PBXFileReference; lastKnownFileType = folder.assetcatalog; path = Assets.xcassets; sourceTree = "<group>"; };
		84B736961EB5647E00FF10E4 /* Base */ = {isa = PBXFileReference; lastKnownFileType = file.storyboard; name = Base; path = Base.lproj/LaunchScreen.storyboard; sourceTree = "<group>"; };
		84B736981EB5647E00FF10E4 /* Info.plist */ = {isa = PBXFileReference; lastKnownFileType = text.plist.xml; path = Info.plist; sourceTree = "<group>"; };
		84B7369E1EB56CAC00FF10E4 /* AddTaskViewController.swift */ = {isa = PBXFileReference; fileEncoding = 4; lastKnownFileType = sourcecode.swift; path = AddTaskViewController.swift; sourceTree = "<group>"; };
		84B736A01EB5710900FF10E4 /* EventViewController.swift */ = {isa = PBXFileReference; fileEncoding = 4; lastKnownFileType = sourcecode.swift; path = EventViewController.swift; sourceTree = "<group>"; };
		84CD963F1F14AB93007793CE /* Sources */ = {isa = PBXFileReference; lastKnownFileType = folder; path = Sources; sourceTree = "<group>"; };
		84CD96411F14ABA0007793CE /* Icons.xcassets */ = {isa = PBXFileReference; lastKnownFileType = folder.assetcatalog; path = Icons.xcassets; sourceTree = "<group>"; };
		84CD96431F14AC76007793CE /* Floaty.h */ = {isa = PBXFileReference; fileEncoding = 4; lastKnownFileType = sourcecode.c.h; name = Floaty.h; path = Sources/Floaty.h; sourceTree = "<group>"; };
		84CD96441F14AC76007793CE /* Floaty.swift */ = {isa = PBXFileReference; fileEncoding = 4; lastKnownFileType = sourcecode.swift; name = Floaty.swift; path = Sources/Floaty.swift; sourceTree = "<group>"; };
		84CD96451F14AC76007793CE /* FloatyDelegate.swift */ = {isa = PBXFileReference; fileEncoding = 4; lastKnownFileType = sourcecode.swift; name = FloatyDelegate.swift; path = Sources/FloatyDelegate.swift; sourceTree = "<group>"; };
		84CD96461F14AC76007793CE /* FloatyItem.swift */ = {isa = PBXFileReference; fileEncoding = 4; lastKnownFileType = sourcecode.swift; name = FloatyItem.swift; path = Sources/FloatyItem.swift; sourceTree = "<group>"; };
		84CD96471F14AC76007793CE /* FloatyManager.swift */ = {isa = PBXFileReference; fileEncoding = 4; lastKnownFileType = sourcecode.swift; name = FloatyManager.swift; path = Sources/FloatyManager.swift; sourceTree = "<group>"; };
		84CD96481F14AC76007793CE /* FloatyViewController.swift */ = {isa = PBXFileReference; fileEncoding = 4; lastKnownFileType = sourcecode.swift; name = FloatyViewController.swift; path = Sources/FloatyViewController.swift; sourceTree = "<group>"; };
		84CD96491F14AC76007793CE /* FloatyWindow.swift */ = {isa = PBXFileReference; fileEncoding = 4; lastKnownFileType = sourcecode.swift; name = FloatyWindow.swift; path = Sources/FloatyWindow.swift; sourceTree = "<group>"; };
		84D92E771F254D7F00D5800D /* TabBarController.swift */ = {isa = PBXFileReference; fileEncoding = 4; lastKnownFileType = sourcecode.swift; path = TabBarController.swift; sourceTree = "<group>"; };
		84F2F9E61F2689AD007EDD19 /* AddEventTableViewController.swift */ = {isa = PBXFileReference; fileEncoding = 4; lastKnownFileType = sourcecode.swift; path = AddEventTableViewController.swift; sourceTree = "<group>"; };
		84F2F9E91F272CD4007EDD19 /* InformationViewController.swift */ = {isa = PBXFileReference; fileEncoding = 4; lastKnownFileType = sourcecode.swift; path = InformationViewController.swift; sourceTree = "<group>"; };
		84F2F9EB1F274ABB007EDD19 /* DeviceExtension.swift */ = {isa = PBXFileReference; fileEncoding = 4; lastKnownFileType = sourcecode.swift; path = DeviceExtension.swift; sourceTree = "<group>"; };
		9890946FC1EAB795F4DD1618 /* Pods-Volunteer Hour Tracker.debug.xcconfig */ = {isa = PBXFileReference; includeInIndex = 1; lastKnownFileType = text.xcconfig; name = "Pods-Volunteer Hour Tracker.debug.xcconfig"; path = "Pods/Target Support Files/Pods-Volunteer Hour Tracker/Pods-Volunteer Hour Tracker.debug.xcconfig"; sourceTree = "<group>"; };
/* End PBXFileReference section */

/* Begin PBXFrameworksBuildPhase section */
		84B736811EB5647E00FF10E4 /* Frameworks */ = {
			isa = PBXFrameworksBuildPhase;
			buildActionMask = 2147483647;
			files = (
				C98D728991232E74A5CFE24A /* Pods_Volunteer_Hour_Tracker.framework in Frameworks */,
			);
			runOnlyForDeploymentPostprocessing = 0;
		};
/* End PBXFrameworksBuildPhase section */

/* Begin PBXGroup section */
		1E1CD614413644633F2C487F /* Pods */ = {
			isa = PBXGroup;
			children = (
				9890946FC1EAB795F4DD1618 /* Pods-Volunteer Hour Tracker.debug.xcconfig */,
				5ECA5D0DCC0855EF564BDD17 /* Pods-Volunteer Hour Tracker.release.xcconfig */,
			);
			name = Pods;
			sourceTree = "<group>";
		};
		447E3A8E6318DEDDF9E69B65 /* Frameworks */ = {
			isa = PBXGroup;
			children = (
				317C7ED02A87DA9872F27481 /* Pods_Volunteer_Hour_Tracker.framework */,
			);
			name = Frameworks;
			sourceTree = "<group>";
		};
		848F77131F2AD67900C910A7 /* HTML */ = {
			isa = PBXGroup;
			children = (
				8493A3042090069F00D58971 /* bootstrap.min.css */,
				84087E4C1FC1513E001442A1 /* eventList.html */,
				84087E4A1FC1513E001442A1 /* fields.txt */,
				84087E491FC1513E001442A1 /* icon.png */,
				84087E471FC1513D001442A1 /* icon2.png */,
				84087E481FC1513D001442A1 /* last_item.html */,
				8493A306209007AE00D58971 /* libraries.html */,
				84087E4B1FC1513E001442A1 /* single_item.html */,
				848F77171F2B076C00C910A7 /* disclaimer.html */,
				848F77151F2B005400C910A7 /* privacy.html */,
				848F770F1F2AD67600C910A7 /* terms.html */,
				848F77101F2AD67600C910A7 /* styles.css */,
			);
			name = HTML;
			sourceTree = "<group>";
		};
		848F77191F2B078E00C910A7 /* Floaty */ = {
			isa = PBXGroup;
			children = (
				84CD96431F14AC76007793CE /* Floaty.h */,
				84CD96441F14AC76007793CE /* Floaty.swift */,
				84CD96451F14AC76007793CE /* FloatyDelegate.swift */,
				84CD96461F14AC76007793CE /* FloatyItem.swift */,
				84CD96471F14AC76007793CE /* FloatyManager.swift */,
				84CD96481F14AC76007793CE /* FloatyViewController.swift */,
				84CD96491F14AC76007793CE /* FloatyWindow.swift */,
			);
			name = Floaty;
			sourceTree = "<group>";
		};
		848F771A1F2B079C00C910A7 /* External */ = {
			isa = PBXGroup;
			children = (
				84F2F9EB1F274ABB007EDD19 /* DeviceExtension.swift */,
				847C23831F21D700003F0E69 /* SCLAlertView.swift */,
				847C23841F21D700003F0E69 /* SCLExtensions.swift */,
			);
			name = External;
			sourceTree = "<group>";
		};
		84B7367B1EB5647E00FF10E4 = {
			isa = PBXGroup;
			children = (
				84B736861EB5647E00FF10E4 /* Volunteer Hour Tracker */,
				84B736851EB5647E00FF10E4 /* Products */,
				1E1CD614413644633F2C487F /* Pods */,
				447E3A8E6318DEDDF9E69B65 /* Frameworks */,
			);
			sourceTree = "<group>";
		};
		84B736851EB5647E00FF10E4 /* Products */ = {
			isa = PBXGroup;
			children = (
				84B736841EB5647E00FF10E4 /* Volunteer Hour Tracker.app */,
			);
			name = Products;
			sourceTree = "<group>";
		};
		84B736861EB5647E00FF10E4 /* Volunteer Hour Tracker */ = {
			isa = PBXGroup;
			children = (
				848F771A1F2B079C00C910A7 /* External */,
				84FF1FA01ED2D06A002336B2 /* View Controller */,
				8432827D1ECA7B320090F662 /* Volunteer Hour Tracker.entitlements */,
				84B736871EB5647E00FF10E4 /* AppDelegate.swift */,
				84B736901EB5647E00FF10E4 /* Main.storyboard */,
				84B736951EB5647E00FF10E4 /* LaunchScreen.storyboard */,
				84B736931EB5647E00FF10E4 /* Assets.xcassets */,
				847C23871F21DC8B003F0E69 /* Images.xcassets */,
				84CD96411F14ABA0007793CE /* Icons.xcassets */,
				84B736981EB5647E00FF10E4 /* Info.plist */,
				84B736891EB5647E00FF10E4 /* Volunteer_Hour_Tracker.xcdatamodeld */,
				8488A7871F2D592B007B9CCB /* UIScrollView+EmptyDataSet.h */,
				8488A7881F2D592B007B9CCB /* UIScrollView+EmptyDataSet.m */,
				848F77191F2B078E00C910A7 /* Floaty */,
				848F77131F2AD67900C910A7 /* HTML */,
				84CD963F1F14AB93007793CE /* Sources */,
				8488A7861F2D592A007B9CCB /* Volunteer Hour Tracker-Bridging-Header.h */,
			);
			path = "Volunteer Hour Tracker";
			sourceTree = "<group>";
		};
		84FF1FA01ED2D06A002336B2 /* View Controller */ = {
			isa = PBXGroup;
			children = (
				8442F3F91ECF376800A36492 /* CategoryTableViewController.swift */,
				84B7369E1EB56CAC00FF10E4 /* AddTaskViewController.swift */,
				84F2F9E61F2689AD007EDD19 /* AddEventTableViewController.swift */,
				84F2F9E91F272CD4007EDD19 /* InformationViewController.swift */,
				84087E3B1FBE835B001442A1 /* PDFComposer.swift */,
				84087E451FC10C1A001442A1 /* ExportViewController.swift */,
				849A2A7A2055F4EA005B8DEF /* StatsFormViewController.swift */,
				84087E431FBECA63001442A1 /* CustomPrintPageRenderer.swift */,
				84B736A01EB5710900FF10E4 /* EventViewController.swift */,
				84D92E771F254D7F00D5800D /* TabBarController.swift */,
			);
			name = "View Controller";
			sourceTree = "<group>";
		};
/* End PBXGroup section */

/* Begin PBXNativeTarget section */
		84B736831EB5647E00FF10E4 /* Volunteer Hour Tracker */ = {
			isa = PBXNativeTarget;
			buildConfigurationList = 84B7369B1EB5647E00FF10E4 /* Build configuration list for PBXNativeTarget "Volunteer Hour Tracker" */;
			buildPhases = (
				13C7D276E1766E650B209834 /* [CP] Check Pods Manifest.lock */,
				84B736801EB5647E00FF10E4 /* Sources */,
				84B736811EB5647E00FF10E4 /* Frameworks */,
				84B736821EB5647E00FF10E4 /* Resources */,
				13EEB77C3423F7955260EF4A /* [CP] Embed Pods Frameworks */,
				1179F7D7DADE1C5B71D09189 /* [CP] Copy Pods Resources */,
			);
			buildRules = (
			);
			dependencies = (
			);
			name = "Volunteer Hour Tracker";
			productName = "Volunteer Hour Tracker";
			productReference = 84B736841EB5647E00FF10E4 /* Volunteer Hour Tracker.app */;
			productType = "com.apple.product-type.application";
		};
/* End PBXNativeTarget section */

/* Begin PBXProject section */
		84B7367C1EB5647E00FF10E4 /* Project object */ = {
			isa = PBXProject;
			attributes = {
				LastSwiftUpdateCheck = 0820;
				LastUpgradeCheck = 0930;
				ORGANIZATIONNAME = "Toledo's IT Solution's";
				TargetAttributes = {
					84B736831EB5647E00FF10E4 = {
						CreatedOnToolsVersion = 8.2.1;
						DevelopmentTeam = 636EH3577K;
						LastSwiftMigration = 0830;
						ProvisioningStyle = Automatic;
						SystemCapabilities = {
							com.apple.Push = {
								enabled = 1;
							};
							com.apple.iCloud = {
								enabled = 1;
							};
						};
					};
				};
			};
			buildConfigurationList = 84B7367F1EB5647E00FF10E4 /* Build configuration list for PBXProject "Volunteer Hour Tracker" */;
			compatibilityVersion = "Xcode 3.2";
			developmentRegion = English;
			hasScannedForEncodings = 0;
			knownRegions = (
				en,
				Base,
			);
			mainGroup = 84B7367B1EB5647E00FF10E4;
			productRefGroup = 84B736851EB5647E00FF10E4 /* Products */;
			projectDirPath = "";
			projectRoot = "";
			targets = (
				84B736831EB5647E00FF10E4 /* Volunteer Hour Tracker */,
			);
		};
/* End PBXProject section */

/* Begin PBXResourcesBuildPhase section */
		84B736821EB5647E00FF10E4 /* Resources */ = {
			isa = PBXResourcesBuildPhase;
			buildActionMask = 2147483647;
			files = (
				84087E4F1FC1513E001442A1 /* icon.png in Resources */,
				84087E501FC1513E001442A1 /* fields.txt in Resources */,
				84B736971EB5647E00FF10E4 /* LaunchScreen.storyboard in Resources */,
				848F77181F2B076C00C910A7 /* disclaimer.html in Resources */,
				8493A307209007AE00D58971 /* libraries.html in Resources */,
				848F77161F2B005400C910A7 /* privacy.html in Resources */,
				84087E4E1FC1513E001442A1 /* last_item.html in Resources */,
				84B736941EB5647E00FF10E4 /* Assets.xcassets in Resources */,
				84B736921EB5647E00FF10E4 /* Main.storyboard in Resources */,
				8493A3052090069F00D58971 /* bootstrap.min.css in Resources */,
				848F77111F2AD67600C910A7 /* terms.html in Resources */,
				847C23881F21DC8B003F0E69 /* Images.xcassets in Resources */,
				84087E4D1FC1513E001442A1 /* icon2.png in Resources */,
				848F77121F2AD67600C910A7 /* styles.css in Resources */,
				84CD96401F14AB93007793CE /* Sources in Resources */,
				84CD96421F14ABA0007793CE /* Icons.xcassets in Resources */,
				84087E511FC1513E001442A1 /* single_item.html in Resources */,
				84087E521FC1513E001442A1 /* eventList.html in Resources */,
			);
			runOnlyForDeploymentPostprocessing = 0;
		};
/* End PBXResourcesBuildPhase section */

/* Begin PBXShellScriptBuildPhase section */
		1179F7D7DADE1C5B71D09189 /* [CP] Copy Pods Resources */ = {
			isa = PBXShellScriptBuildPhase;
			buildActionMask = 2147483647;
			files = (
			);
			inputPaths = (
			);
			name = "[CP] Copy Pods Resources";
			outputPaths = (
			);
			runOnlyForDeploymentPostprocessing = 0;
			shellPath = /bin/sh;
			shellScript = "\"${SRCROOT}/Pods/Target Support Files/Pods-Volunteer Hour Tracker/Pods-Volunteer Hour Tracker-resources.sh\"\n";
			showEnvVarsInLog = 0;
		};
		13C7D276E1766E650B209834 /* [CP] Check Pods Manifest.lock */ = {
			isa = PBXShellScriptBuildPhase;
			buildActionMask = 2147483647;
			files = (
			);
			inputPaths = (
				"${PODS_PODFILE_DIR_PATH}/Podfile.lock",
				"${PODS_ROOT}/Manifest.lock",
			);
			name = "[CP] Check Pods Manifest.lock";
			outputPaths = (
				"$(DERIVED_FILE_DIR)/Pods-Volunteer Hour Tracker-checkManifestLockResult.txt",
			);
			runOnlyForDeploymentPostprocessing = 0;
			shellPath = /bin/sh;
			shellScript = "diff \"${PODS_PODFILE_DIR_PATH}/Podfile.lock\" \"${PODS_ROOT}/Manifest.lock\" > /dev/null\nif [ $? != 0 ] ; then\n    # print error to STDERR\n    echo \"error: The sandbox is not in sync with the Podfile.lock. Run 'pod install' or update your CocoaPods installation.\" >&2\n    exit 1\nfi\n# This output is used by Xcode 'outputs' to avoid re-running this script phase.\necho \"SUCCESS\" > \"${SCRIPT_OUTPUT_FILE_0}\"\n";
			showEnvVarsInLog = 0;
		};
		13EEB77C3423F7955260EF4A /* [CP] Embed Pods Frameworks */ = {
			isa = PBXShellScriptBuildPhase;
			buildActionMask = 2147483647;
			files = (
			);
			inputPaths = (
				"${SRCROOT}/Pods/Target Support Files/Pods-Volunteer Hour Tracker/Pods-Volunteer Hour Tracker-frameworks.sh",
				"${BUILT_PRODUCTS_DIR}/DZNEmptyDataSet/DZNEmptyDataSet.framework",
				"${BUILT_PRODUCTS_DIR}/Eureka/Eureka.framework",
				"${BUILT_PRODUCTS_DIR}/SCLAlertView/SCLAlertView.framework",
			);
			name = "[CP] Embed Pods Frameworks";
			outputPaths = (
				"${TARGET_BUILD_DIR}/${FRAMEWORKS_FOLDER_PATH}/DZNEmptyDataSet.framework",
				"${TARGET_BUILD_DIR}/${FRAMEWORKS_FOLDER_PATH}/Eureka.framework",
				"${TARGET_BUILD_DIR}/${FRAMEWORKS_FOLDER_PATH}/SCLAlertView.framework",
			);
			runOnlyForDeploymentPostprocessing = 0;
			shellPath = /bin/sh;
			shellScript = "\"${SRCROOT}/Pods/Target Support Files/Pods-Volunteer Hour Tracker/Pods-Volunteer Hour Tracker-frameworks.sh\"\n";
			showEnvVarsInLog = 0;
		};
/* End PBXShellScriptBuildPhase section */

/* Begin PBXSourcesBuildPhase section */
		84B736801EB5647E00FF10E4 /* Sources */ = {
			isa = PBXSourcesBuildPhase;
			buildActionMask = 2147483647;
			files = (
				84F2F9EC1F274ABB007EDD19 /* DeviceExtension.swift in Sources */,
				84CD964F1F14AC76007793CE /* FloatyWindow.swift in Sources */,
				84CD964D1F14AC76007793CE /* FloatyManager.swift in Sources */,
				84087E3C1FBE835B001442A1 /* PDFComposer.swift in Sources */,
				84CD964A1F14AC76007793CE /* Floaty.swift in Sources */,
				84CD964C1F14AC76007793CE /* FloatyItem.swift in Sources */,
				84CD964E1F14AC76007793CE /* FloatyViewController.swift in Sources */,
				84B736881EB5647E00FF10E4 /* AppDelegate.swift in Sources */,
				849A2A7B2055F4EA005B8DEF /* StatsFormViewController.swift in Sources */,
				84087E441FBECA63001442A1 /* CustomPrintPageRenderer.swift in Sources */,
				84B7369F1EB56CAC00FF10E4 /* AddTaskViewController.swift in Sources */,
				8442F3FA1ECF376800A36492 /* CategoryTableViewController.swift in Sources */,
				84087E461FC10C1A001442A1 /* ExportViewController.swift in Sources */,
				84CD964B1F14AC76007793CE /* FloatyDelegate.swift in Sources */,
				84B736A11EB5710900FF10E4 /* EventViewController.swift in Sources */,
				84F2F9E71F2689AD007EDD19 /* AddEventTableViewController.swift in Sources */,
				847C23861F21D700003F0E69 /* SCLExtensions.swift in Sources */,
				84D92E781F254D7F00D5800D /* TabBarController.swift in Sources */,
				847C23851F21D700003F0E69 /* SCLAlertView.swift in Sources */,
				84B7368B1EB5647E00FF10E4 /* Volunteer_Hour_Tracker.xcdatamodeld in Sources */,
				8488A7891F2D592B007B9CCB /* UIScrollView+EmptyDataSet.m in Sources */,
				84F2F9EA1F272CD4007EDD19 /* InformationViewController.swift in Sources */,
			);
			runOnlyForDeploymentPostprocessing = 0;
		};
/* End PBXSourcesBuildPhase section */

/* Begin PBXVariantGroup section */
		84B736901EB5647E00FF10E4 /* Main.storyboard */ = {
			isa = PBXVariantGroup;
			children = (
				84B736911EB5647E00FF10E4 /* Base */,
			);
			name = Main.storyboard;
			sourceTree = "<group>";
		};
		84B736951EB5647E00FF10E4 /* LaunchScreen.storyboard */ = {
			isa = PBXVariantGroup;
			children = (
				84B736961EB5647E00FF10E4 /* Base */,
			);
			name = LaunchScreen.storyboard;
			sourceTree = "<group>";
		};
/* End PBXVariantGroup section */

/* Begin XCBuildConfiguration section */
		84B736991EB5647E00FF10E4 /* Debug */ = {
			isa = XCBuildConfiguration;
			buildSettings = {
				ALWAYS_SEARCH_USER_PATHS = NO;
				CLANG_ANALYZER_NONNULL = YES;
				CLANG_CXX_LANGUAGE_STANDARD = "gnu++0x";
				CLANG_CXX_LIBRARY = "libc++";
				CLANG_ENABLE_MODULES = YES;
				CLANG_ENABLE_OBJC_ARC = YES;
				CLANG_WARN_BLOCK_CAPTURE_AUTORELEASING = YES;
				CLANG_WARN_BOOL_CONVERSION = YES;
				CLANG_WARN_COMMA = YES;
				CLANG_WARN_CONSTANT_CONVERSION = YES;
				CLANG_WARN_DEPRECATED_OBJC_IMPLEMENTATIONS = YES;
				CLANG_WARN_DIRECT_OBJC_ISA_USAGE = YES_ERROR;
				CLANG_WARN_DOCUMENTATION_COMMENTS = YES;
				CLANG_WARN_EMPTY_BODY = YES;
				CLANG_WARN_ENUM_CONVERSION = YES;
				CLANG_WARN_INFINITE_RECURSION = YES;
				CLANG_WARN_INT_CONVERSION = YES;
				CLANG_WARN_NON_LITERAL_NULL_CONVERSION = YES;
				CLANG_WARN_OBJC_IMPLICIT_RETAIN_SELF = YES;
				CLANG_WARN_OBJC_LITERAL_CONVERSION = YES;
				CLANG_WARN_OBJC_ROOT_CLASS = YES_ERROR;
				CLANG_WARN_RANGE_LOOP_ANALYSIS = YES;
				CLANG_WARN_STRICT_PROTOTYPES = YES;
				CLANG_WARN_SUSPICIOUS_MOVE = YES;
				CLANG_WARN_UNREACHABLE_CODE = YES;
				CLANG_WARN__DUPLICATE_METHOD_MATCH = YES;
				"CODE_SIGN_IDENTITY[sdk=iphoneos*]" = "iPhone Developer";
				COPY_PHASE_STRIP = NO;
				DEBUG_INFORMATION_FORMAT = dwarf;
				ENABLE_STRICT_OBJC_MSGSEND = YES;
				ENABLE_TESTABILITY = YES;
				GCC_C_LANGUAGE_STANDARD = gnu99;
				GCC_DYNAMIC_NO_PIC = NO;
				GCC_NO_COMMON_BLOCKS = YES;
				GCC_OPTIMIZATION_LEVEL = 0;
				GCC_PREPROCESSOR_DEFINITIONS = (
					"DEBUG=1",
					"$(inherited)",
				);
				GCC_WARN_64_TO_32_BIT_CONVERSION = YES;
				GCC_WARN_ABOUT_RETURN_TYPE = YES_ERROR;
				GCC_WARN_UNDECLARED_SELECTOR = YES;
				GCC_WARN_UNINITIALIZED_AUTOS = YES_AGGRESSIVE;
				GCC_WARN_UNUSED_FUNCTION = YES;
				GCC_WARN_UNUSED_VARIABLE = YES;
				IPHONEOS_DEPLOYMENT_TARGET = 10.2;
				MTL_ENABLE_DEBUG_INFO = YES;
				ONLY_ACTIVE_ARCH = YES;
				SDKROOT = iphoneos;
				SWIFT_ACTIVE_COMPILATION_CONDITIONS = DEBUG;
				SWIFT_OPTIMIZATION_LEVEL = "-Onone";
				TARGETED_DEVICE_FAMILY = "1,2";
			};
			name = Debug;
		};
		84B7369A1EB5647E00FF10E4 /* Release */ = {
			isa = XCBuildConfiguration;
			buildSettings = {
				ALWAYS_SEARCH_USER_PATHS = NO;
				CLANG_ANALYZER_NONNULL = YES;
				CLANG_CXX_LANGUAGE_STANDARD = "gnu++0x";
				CLANG_CXX_LIBRARY = "libc++";
				CLANG_ENABLE_MODULES = YES;
				CLANG_ENABLE_OBJC_ARC = YES;
				CLANG_WARN_BLOCK_CAPTURE_AUTORELEASING = YES;
				CLANG_WARN_BOOL_CONVERSION = YES;
				CLANG_WARN_COMMA = YES;
				CLANG_WARN_CONSTANT_CONVERSION = YES;
				CLANG_WARN_DEPRECATED_OBJC_IMPLEMENTATIONS = YES;
				CLANG_WARN_DIRECT_OBJC_ISA_USAGE = YES_ERROR;
				CLANG_WARN_DOCUMENTATION_COMMENTS = YES;
				CLANG_WARN_EMPTY_BODY = YES;
				CLANG_WARN_ENUM_CONVERSION = YES;
				CLANG_WARN_INFINITE_RECURSION = YES;
				CLANG_WARN_INT_CONVERSION = YES;
				CLANG_WARN_NON_LITERAL_NULL_CONVERSION = YES;
				CLANG_WARN_OBJC_IMPLICIT_RETAIN_SELF = YES;
				CLANG_WARN_OBJC_LITERAL_CONVERSION = YES;
				CLANG_WARN_OBJC_ROOT_CLASS = YES_ERROR;
				CLANG_WARN_RANGE_LOOP_ANALYSIS = YES;
				CLANG_WARN_STRICT_PROTOTYPES = YES;
				CLANG_WARN_SUSPICIOUS_MOVE = YES;
				CLANG_WARN_UNREACHABLE_CODE = YES;
				CLANG_WARN__DUPLICATE_METHOD_MATCH = YES;
				"CODE_SIGN_IDENTITY[sdk=iphoneos*]" = "iPhone Developer";
				COPY_PHASE_STRIP = NO;
				DEBUG_INFORMATION_FORMAT = "dwarf-with-dsym";
				ENABLE_NS_ASSERTIONS = NO;
				ENABLE_STRICT_OBJC_MSGSEND = YES;
				GCC_C_LANGUAGE_STANDARD = gnu99;
				GCC_NO_COMMON_BLOCKS = YES;
				GCC_WARN_64_TO_32_BIT_CONVERSION = YES;
				GCC_WARN_ABOUT_RETURN_TYPE = YES_ERROR;
				GCC_WARN_UNDECLARED_SELECTOR = YES;
				GCC_WARN_UNINITIALIZED_AUTOS = YES_AGGRESSIVE;
				GCC_WARN_UNUSED_FUNCTION = YES;
				GCC_WARN_UNUSED_VARIABLE = YES;
				IPHONEOS_DEPLOYMENT_TARGET = 10.2;
				MTL_ENABLE_DEBUG_INFO = NO;
				SDKROOT = iphoneos;
				SWIFT_OPTIMIZATION_LEVEL = "-Owholemodule";
				TARGETED_DEVICE_FAMILY = "1,2";
				VALIDATE_PRODUCT = YES;
			};
			name = Release;
		};
		84B7369C1EB5647E00FF10E4 /* Debug */ = {
			isa = XCBuildConfiguration;
			baseConfigurationReference = 9890946FC1EAB795F4DD1618 /* Pods-Volunteer Hour Tracker.debug.xcconfig */;
			buildSettings = {
				ASSETCATALOG_COMPILER_APPICON_NAME = AppIcon;
				CLANG_ENABLE_MODULES = YES;
				CODE_SIGN_ENTITLEMENTS = "Volunteer Hour Tracker/Volunteer Hour Tracker.entitlements";
				DEVELOPMENT_TEAM = 636EH3577K;
				INFOPLIST_FILE = "Volunteer Hour Tracker/Info.plist";
				IPHONEOS_DEPLOYMENT_TARGET = 10.0;
				LD_RUNPATH_SEARCH_PATHS = "$(inherited) @executable_path/Frameworks";
				PRODUCT_BUNDLE_IDENTIFIER = "com.toledositsolutions.Volunteer-Hour-Tracker";
				PRODUCT_NAME = "$(TARGET_NAME)";
				SWIFT_OBJC_BRIDGING_HEADER = "Volunteer Hour Tracker/Volunteer Hour Tracker-Bridging-Header.h";
				SWIFT_OPTIMIZATION_LEVEL = "-Onone";
				SWIFT_VERSION = 3.0;
			};
			name = Debug;
		};
		84B7369D1EB5647E00FF10E4 /* Release */ = {
			isa = XCBuildConfiguration;
			baseConfigurationReference = 5ECA5D0DCC0855EF564BDD17 /* Pods-Volunteer Hour Tracker.release.xcconfig */;
			buildSettings = {
				ASSETCATALOG_COMPILER_APPICON_NAME = AppIcon;
				CLANG_ENABLE_MODULES = YES;
				CODE_SIGN_ENTITLEMENTS = "Volunteer Hour Tracker/Volunteer Hour Tracker.entitlements";
				DEVELOPMENT_TEAM = 636EH3577K;
				INFOPLIST_FILE = "Volunteer Hour Tracker/Info.plist";
				IPHONEOS_DEPLOYMENT_TARGET = 10.0;
				LD_RUNPATH_SEARCH_PATHS = "$(inherited) @executable_path/Frameworks";
				PRODUCT_BUNDLE_IDENTIFIER = "com.toledositsolutions.Volunteer-Hour-Tracker";
				PRODUCT_NAME = "$(TARGET_NAME)";
				SWIFT_OBJC_BRIDGING_HEADER = "Volunteer Hour Tracker/Volunteer Hour Tracker-Bridging-Header.h";
				SWIFT_VERSION = 3.0;
			};
			name = Release;
		};
/* End XCBuildConfiguration section */

/* Begin XCConfigurationList section */
		84B7367F1EB5647E00FF10E4 /* Build configuration list for PBXProject "Volunteer Hour Tracker" */ = {
			isa = XCConfigurationList;
			buildConfigurations = (
				84B736991EB5647E00FF10E4 /* Debug */,
				84B7369A1EB5647E00FF10E4 /* Release */,
			);
			defaultConfigurationIsVisible = 0;
			defaultConfigurationName = Release;
		};
		84B7369B1EB5647E00FF10E4 /* Build configuration list for PBXNativeTarget "Volunteer Hour Tracker" */ = {
			isa = XCConfigurationList;
			buildConfigurations = (
				84B7369C1EB5647E00FF10E4 /* Debug */,
				84B7369D1EB5647E00FF10E4 /* Release */,
			);
			defaultConfigurationIsVisible = 0;
			defaultConfigurationName = Release;
		};
/* End XCConfigurationList section */

/* Begin XCVersionGroup section */
		84B736891EB5647E00FF10E4 /* Volunteer_Hour_Tracker.xcdatamodeld */ = {
			isa = XCVersionGroup;
			children = (
				84AC2D421F4F664A00BF9922 /* Volunteer_Hour_Tracker v2.xcdatamodel */,
				84B7368A1EB5647E00FF10E4 /* Volunteer_Hour_Tracker.xcdatamodel */,
			);
			currentVersion = 84AC2D421F4F664A00BF9922 /* Volunteer_Hour_Tracker v2.xcdatamodel */;
			path = Volunteer_Hour_Tracker.xcdatamodeld;
			sourceTree = "<group>";
			versionGroupType = wrapper.xcdatamodel;
		};
/* End XCVersionGroup section */
	};
	rootObject = 84B7367C1EB5647E00FF10E4 /* Project object */;
}
